{
  "lockfile-version": 1,
  "manifest": {
    "version": 1,
    "install": {
      "ansible": {
        "pkg-path": "ansible"
      },
      "ansible-lint": {
        "pkg-path": "ansible-lint"
      },
      "molecule": {
        "pkg-path": "molecule"
      }
    },
    "hook": {},
    "profile": {},
    "options": {
      "systems": [
        "aarch64-darwin",
        "aarch64-linux",
        "x86_64-darwin",
        "x86_64-linux"
      ],
      "allow": {
        "licenses": []
      },
      "semver": {}
    }
  },
  "packages": [
    {
      "attr_path": "ansible",
      "broken": false,
      "derivation": "/nix/store/k2jc393lk2m85pkn1cm6saz5yv0m3r1w-python3.12-ansible-core-2.18.1.drv",
      "description": "Radically simple IT automation",
      "install_id": "ansible",
      "license": "GPL-3.0-or-later",
      "locked_url": "https://github.com/flox/nixpkgs?rev=73cf49b8ad837ade2de76f87eb53fc85ed5d4680",
      "name": "ansible-core-2.18.1",
      "pname": "ansible",
      "rev": "73cf49b8ad837ade2de76f87eb53fc85ed5d4680",
      "rev_count": 755230,
      "rev_date": "2025-02-18T08:17:47Z",
      "scrape_date": "2025-02-20T02:25:42Z",
      "stabilities": [
        "unstable"
      ],
      "unfree": false,
      "version": "2.18.1",
      "outputs_to_install": [
        "out"
      ],
      "outputs": {
        "dist": "/nix/store/0z3fj8qx81mnach9ri882h8a69qik4x1-python3.12-ansible-core-2.18.1-dist",
        "out": "/nix/store/81gkh6v0b5h7i4xgbyv38xdwnr9f65ym-python3.12-ansible-core-2.18.1"
      },
      "system": "aarch64-darwin",
      "group": "toplevel",
      "priority": 5
    },
    {
      "attr_path": "ansible",
      "broken": false,
      "derivation": "/nix/store/g5avdnh2hbkh1r9cq0lskahjzdpd8bzg-python3.12-ansible-core-2.18.1.drv",
      "description": "Radically simple IT automation",
      "install_id": "ansible",
      "license": "GPL-3.0-or-later",
      "locked_url": "https://github.com/flox/nixpkgs?rev=73cf49b8ad837ade2de76f87eb53fc85ed5d4680",
      "name": "ansible-core-2.18.1",
      "pname": "ansible",
      "rev": "73cf49b8ad837ade2de76f87eb53fc85ed5d4680",
      "rev_count": 755230,
      "rev_date": "2025-02-18T08:17:47Z",
      "scrape_date": "2025-02-20T02:25:42Z",
      "stabilities": [
        "unstable"
      ],
      "unfree": false,
      "version": "2.18.1",
      "outputs_to_install": [
        "out"
      ],
      "outputs": {
        "dist": "/nix/store/8wd0hwl1hwmn9rcwz4h8xccyl747n7j0-python3.12-ansible-core-2.18.1-dist",
        "out": "/nix/store/f7ahfxxbdzpk10bkj6xqpwn39b3nx3ib-python3.12-ansible-core-2.18.1"
      },
      "system": "aarch64-linux",
      "group": "toplevel",
      "priority": 5
    },
    {
      "attr_path": "ansible",
      "broken": false,
      "derivation": "/nix/store/i9431k24sdgizckhsk1apd6q3xbfwypr-python3.12-ansible-core-2.18.1.drv",
      "description": "Radically simple IT automation",
      "install_id": "ansible",
      "license": "GPL-3.0-or-later",
      "locked_url": "https://github.com/flox/nixpkgs?rev=73cf49b8ad837ade2de76f87eb53fc85ed5d4680",
      "name": "ansible-core-2.18.1",
      "pname": "ansible",
      "rev": "73cf49b8ad837ade2de76f87eb53fc85ed5d4680",
      "rev_count": 755230,
      "rev_date": "2025-02-18T08:17:47Z",
      "scrape_date": "2025-02-20T02:25:42Z",
      "stabilities": [
        "unstable"
      ],
      "unfree": false,
      "version": "2.18.1",
      "outputs_to_install": [
        "out"
      ],
      "outputs": {
        "dist": "/nix/store/641pjji0ciaiyrd2173rmvrhrzf1q7ah-python3.12-ansible-core-2.18.1-dist",
        "out": "/nix/store/40pq3w7dvp3p2qb5dmyhfsyw6aqvq1v4-python3.12-ansible-core-2.18.1"
      },
      "system": "x86_64-darwin",
      "group": "toplevel",
      "priority": 5
    },
    {
      "attr_path": "ansible",
      "broken": false,
      "derivation": "/nix/store/n5fr2z1x29kx9xvm6hmdi6fa30qhcfwp-python3.12-ansible-core-2.18.1.drv",
      "description": "Radically simple IT automation",
      "install_id": "ansible",
      "license": "GPL-3.0-or-later",
      "locked_url": "https://github.com/flox/nixpkgs?rev=73cf49b8ad837ade2de76f87eb53fc85ed5d4680",
      "name": "ansible-core-2.18.1",
      "pname": "ansible",
      "rev": "73cf49b8ad837ade2de76f87eb53fc85ed5d4680",
      "rev_count": 755230,
      "rev_date": "2025-02-18T08:17:47Z",
      "scrape_date": "2025-02-20T02:25:42Z",
      "stabilities": [
        "unstable"
      ],
      "unfree": false,
      "version": "2.18.1",
      "outputs_to_install": [
        "out"
      ],
      "outputs": {
        "dist": "/nix/store/vfga079z0a7zlx01fzyhw53yfr8726a1-python3.12-ansible-core-2.18.1-dist",
        "out": "/nix/store/gdk5v6318zr5w9s9c7pb7yv9cqz14wmh-python3.12-ansible-core-2.18.1"
      },
      "system": "x86_64-linux",
      "group": "toplevel",
      "priority": 5
    },
    {
      "attr_path": "ansible-lint",
      "broken": false,
      "derivation": "/nix/store/srwbl5diw8vm0ijlaixh4v3wkzljmscb-ansible-lint-24.12.2.drv",
      "description": "Best practices checker for Ansible",
      "install_id": "ansible-lint",
      "license": "MIT",
      "locked_url": "https://github.com/flox/nixpkgs?rev=73cf49b8ad837ade2de76f87eb53fc85ed5d4680",
      "name": "ansible-lint-24.12.2",
      "pname": "ansible-lint",
      "rev": "73cf49b8ad837ade2de76f87eb53fc85ed5d4680",
      "rev_count": 755230,
      "rev_date": "2025-02-18T08:17:47Z",
      "scrape_date": "2025-02-20T02:25:42Z",
      "stabilities": [
        "unstable"
      ],
      "unfree": false,
      "version": "24.12.2",
      "outputs_to_install": [
        "out"
      ],
      "outputs": {
        "dist": "/nix/store/byrb5441jyy433q2sf9z4nf86v7xdzgr-ansible-lint-24.12.2-dist",
        "out": "/nix/store/8a211cwli1pwi9gbkv6h375maaavjnb5-ansible-lint-24.12.2"
      },
      "system": "aarch64-darwin",
      "group": "toplevel",
      "priority": 5
    },
    {
      "attr_path": "ansible-lint",
      "broken": false,
      "derivation": "/nix/store/vinm5abynx5mjvwghx51h043h8fa32a0-ansible-lint-24.12.2.drv",
      "description": "Best practices checker for Ansible",
      "install_id": "ansible-lint",
      "license": "MIT",
      "locked_url": "https://github.com/flox/nixpkgs?rev=73cf49b8ad837ade2de76f87eb53fc85ed5d4680",
      "name": "ansible-lint-24.12.2",
      "pname": "ansible-lint",
      "rev": "73cf49b8ad837ade2de76f87eb53fc85ed5d4680",
      "rev_count": 755230,
      "rev_date": "2025-02-18T08:17:47Z",
      "scrape_date": "2025-02-20T02:25:42Z",
      "stabilities": [
        "unstable"
      ],
      "unfree": false,
      "version": "24.12.2",
      "outputs_to_install": [
        "out"
      ],
      "outputs": {
        "dist": "/nix/store/2h10mwbvdw4w1cxvalx83arx1v47zgm8-ansible-lint-24.12.2-dist",
        "out": "/nix/store/a210y6l5khl47p959l0yyrf9il6hiz68-ansible-lint-24.12.2"
      },
      "system": "aarch64-linux",
      "group": "toplevel",
      "priority": 5
    },
    {
      "attr_path": "ansible-lint",
      "broken": false,
      "derivation": "/nix/store/nixwlyxrw49i7880wdpbj26z5ddqm8ar-ansible-lint-24.12.2.drv",
      "description": "Best practices checker for Ansible",
      "install_id": "ansible-lint",
      "license": "MIT",
      "locked_url": "https://github.com/flox/nixpkgs?rev=73cf49b8ad837ade2de76f87eb53fc85ed5d4680",
      "name": "ansible-lint-24.12.2",
      "pname": "ansible-lint",
      "rev": "73cf49b8ad837ade2de76f87eb53fc85ed5d4680",
      "rev_count": 755230,
      "rev_date": "2025-02-18T08:17:47Z",
      "scrape_date": "2025-02-20T02:25:42Z",
      "stabilities": [
        "unstable"
      ],
      "unfree": false,
      "version": "24.12.2",
      "outputs_to_install": [
        "out"
      ],
      "outputs": {
        "dist": "/nix/store/hffh96dj9qjvygxmyw4pfb1k8sw3q8iq-ansible-lint-24.12.2-dist",
        "out": "/nix/store/p6zlbfsljs6p9ii3wiajw921zzha3438-ansible-lint-24.12.2"
      },
      "system": "x86_64-darwin",
      "group": "toplevel",
      "priority": 5
    },
    {
      "attr_path": "ansible-lint",
      "broken": false,
      "derivation": "/nix/store/7yj0h5hq8zi8dggm8vh93mxnw022xfyh-ansible-lint-24.12.2.drv",
      "description": "Best practices checker for Ansible",
      "install_id": "ansible-lint",
      "license": "MIT",
      "locked_url": "https://github.com/flox/nixpkgs?rev=73cf49b8ad837ade2de76f87eb53fc85ed5d4680",
      "name": "ansible-lint-24.12.2",
      "pname": "ansible-lint",
      "rev": "73cf49b8ad837ade2de76f87eb53fc85ed5d4680",
      "rev_count": 755230,
      "rev_date": "2025-02-18T08:17:47Z",
      "scrape_date": "2025-02-20T02:25:42Z",
      "stabilities": [
        "unstable"
      ],
      "unfree": false,
      "version": "24.12.2",
      "outputs_to_install": [
        "out"
      ],
      "outputs": {
        "dist": "/nix/store/npy94igkapvs9x1salgdlqh8x3p21sn2-ansible-lint-24.12.2-dist",
        "out": "/nix/store/ln6pjfypf83wcvb3l8r7il7cj5gq0ip9-ansible-lint-24.12.2"
      },
      "system": "x86_64-linux",
      "group": "toplevel",
      "priority": 5
    },
    {
      "attr_path": "molecule",
      "broken": false,
      "derivation": "/nix/store/7rny3jryk4ajs5lsgl4icxngfn2zm453-python3.12-molecule-25.1.0.drv",
      "description": "Molecule aids in the development and testing of Ansible roles",
      "install_id": "molecule",
      "license": "MIT",
      "locked_url": "https://github.com/flox/nixpkgs?rev=73cf49b8ad837ade2de76f87eb53fc85ed5d4680",
      "name": "molecule-25.1.0",
      "pname": "molecule",
      "rev": "73cf49b8ad837ade2de76f87eb53fc85ed5d4680",
      "rev_count": 755230,
      "rev_date": "2025-02-18T08:17:47Z",
      "scrape_date": "2025-02-20T02:25:42Z",
      "stabilities": [
        "unstable"
      ],
      "unfree": false,
      "version": "25.1.0",
      "outputs_to_install": [
        "out"
      ],
      "outputs": {
        "dist": "/nix/store/wc20s0ixy9sn6pvpy6hrixkpcwz8fphq-python3.12-molecule-25.1.0-dist",
        "out": "/nix/store/4nzyah2xi93msrxqqbjc7h9hnckan9bx-python3.12-molecule-25.1.0"
      },
      "system": "aarch64-darwin",
      "group": "toplevel",
      "priority": 5
    },
    {
      "attr_path": "molecule",
      "broken": false,
      "derivation": "/nix/store/6dfk6vv06hw4x2v3pdrwdv8kdfnnffkn-python3.12-molecule-25.1.0.drv",
      "description": "Molecule aids in the development and testing of Ansible roles",
      "install_id": "molecule",
      "license": "MIT",
      "locked_url": "https://github.com/flox/nixpkgs?rev=73cf49b8ad837ade2de76f87eb53fc85ed5d4680",
      "name": "molecule-25.1.0",
      "pname": "molecule",
      "rev": "73cf49b8ad837ade2de76f87eb53fc85ed5d4680",
      "rev_count": 755230,
      "rev_date": "2025-02-18T08:17:47Z",
      "scrape_date": "2025-02-20T02:25:42Z",
      "stabilities": [
        "unstable"
      ],
      "unfree": false,
      "version": "25.1.0",
      "outputs_to_install": [
        "out"
      ],
      "outputs": {
        "dist": "/nix/store/4mmw6355m7rhihddim5cwighr1q3lqh8-python3.12-molecule-25.1.0-dist",
        "out": "/nix/store/h8lg3m775kf00c8lqf69bhl34kq3p8x9-python3.12-molecule-25.1.0"
      },
      "system": "aarch64-linux",
      "group": "toplevel",
      "priority": 5
    },
    {
      "attr_path": "molecule",
      "broken": false,
      "derivation": "/nix/store/3s0yqay5ba8yxkwkczhr1c5z3yfv64jr-python3.12-molecule-25.1.0.drv",
      "description": "Molecule aids in the development and testing of Ansible roles",
      "install_id": "molecule",
      "license": "MIT",
      "locked_url": "https://github.com/flox/nixpkgs?rev=73cf49b8ad837ade2de76f87eb53fc85ed5d4680",
      "name": "molecule-25.1.0",
      "pname": "molecule",
      "rev": "73cf49b8ad837ade2de76f87eb53fc85ed5d4680",
      "rev_count": 755230,
      "rev_date": "2025-02-18T08:17:47Z",
      "scrape_date": "2025-02-20T02:25:42Z",
      "stabilities": [
        "unstable"
      ],
      "unfree": false,
      "version": "25.1.0",
      "outputs_to_install": [
        "out"
      ],
      "outputs": {
        "dist": "/nix/store/srkph1rx6yaihvg599ciw2b34pqbx0pz-python3.12-molecule-25.1.0-dist",
        "out": "/nix/store/h6ll7qm3lss2nn7xfgdbycrzivrvsrxg-python3.12-molecule-25.1.0"
      },
      "system": "x86_64-darwin",
      "group": "toplevel",
      "priority": 5
    },
    {
      "attr_path": "molecule",
      "broken": false,
      "derivation": "/nix/store/imfsjw6mc119mgfqlwim1lgkjw87x32z-python3.12-molecule-25.1.0.drv",
      "description": "Molecule aids in the development and testing of Ansible roles",
      "install_id": "molecule",
      "license": "MIT",
      "locked_url": "https://github.com/flox/nixpkgs?rev=73cf49b8ad837ade2de76f87eb53fc85ed5d4680",
      "name": "molecule-25.1.0",
      "pname": "molecule",
      "rev": "73cf49b8ad837ade2de76f87eb53fc85ed5d4680",
      "rev_count": 755230,
      "rev_date": "2025-02-18T08:17:47Z",
      "scrape_date": "2025-02-20T02:25:42Z",
      "stabilities": [
        "unstable"
      ],
      "unfree": false,
      "version": "25.1.0",
      "outputs_to_install": [
        "out"
      ],
      "outputs": {
        "dist": "/nix/store/x9gpk0d6gwv8gs3q94lqmxfmflh69li9-python3.12-molecule-25.1.0-dist",
        "out": "/nix/store/zmx2msmrmnjjsv5949wyilvak3cg1xpi-python3.12-molecule-25.1.0"
      },
      "system": "x86_64-linux",
      "group": "toplevel",
      "priority": 5
    }
  ]
}